// !$*UTF8*$!
{
	archiveVersion = 1;
	classes = {
	};
	objectVersion = 46;
	objects = {

/* Begin PBXBuildFile section */
		0CD872A6D44EBB3329312C4D /* libPods.a in Frameworks */ = {isa = PBXBuildFile; fileRef = 124399375E6B1302A8B85F37 /* libPods.a */; };
		963D8D221B41876000800C51 /* main.m in Sources */ = {isa = PBXBuildFile; fileRef = 963D8D211B41876000800C51 /* main.m */; };
		963D8D251B41876000800C51 /* AppDelegate.m in Sources */ = {isa = PBXBuildFile; fileRef = 963D8D241B41876000800C51 /* AppDelegate.m */; };
		963D8D281B41876000800C51 /* MasterViewController.m in Sources */ = {isa = PBXBuildFile; fileRef = 963D8D271B41876000800C51 /* MasterViewController.m */; };
		963D8D2B1B41876000800C51 /* DetailViewController.m in Sources */ = {isa = PBXBuildFile; fileRef = 963D8D2A1B41876000800C51 /* DetailViewController.m */; };
		963D8D2E1B41876000800C51 /* Main.storyboard in Resources */ = {isa = PBXBuildFile; fileRef = 963D8D2C1B41876000800C51 /* Main.storyboard */; };
		963D8D301B41876000800C51 /* Images.xcassets in Resources */ = {isa = PBXBuildFile; fileRef = 963D8D2F1B41876000800C51 /* Images.xcassets */; };
		963D8D331B41876000800C51 /* LaunchScreen.xib in Resources */ = {isa = PBXBuildFile; fileRef = 963D8D311B41876000800C51 /* LaunchScreen.xib */; };
		963D8D3F1B41876000800C51 /* CatQuizTests.m in Sources */ = {isa = PBXBuildFile; fileRef = 963D8D3E1B41876000800C51 /* CatQuizTests.m */; };
		963D8D4A1B418A8F00800C51 /* API.m in Sources */ = {isa = PBXBuildFile; fileRef = 963D8D491B418A8F00800C51 /* API.m */; };
		963F95761B487BDF0010533C /* SplashViewController.m in Sources */ = {isa = PBXBuildFile; fileRef = 963F95751B487BDF0010533C /* SplashViewController.m */; };
		963F95781B49B13C0010533C /* smartCat.jpg in Resources */ = {isa = PBXBuildFile; fileRef = 963F95771B49B13C0010533C /* smartCat.jpg */; };
		964FF04C1B4500480091F2F2 /* PrizeViewController.m in Sources */ = {isa = PBXBuildFile; fileRef = 964FF04B1B4500480091F2F2 /* PrizeViewController.m */; };
/* End PBXBuildFile section */

/* Begin PBXContainerItemProxy section */
		963D8D391B41876000800C51 /* PBXContainerItemProxy */ = {
			isa = PBXContainerItemProxy;
			containerPortal = 963D8D141B41876000800C51 /* Project object */;
			proxyType = 1;
			remoteGlobalIDString = 963D8D1B1B41876000800C51;
			remoteInfo = CatQuiz;
		};
/* End PBXContainerItemProxy section */

/* Begin PBXFileReference section */
		124399375E6B1302A8B85F37 /* libPods.a */ = {isa = PBXFileReference; explicitFileType = archive.ar; includeInIndex = 0; path = libPods.a; sourceTree = BUILT_PRODUCTS_DIR; };
		27C5BA7B15D7530A6E57A2E0 /* Pods.debug.xcconfig */ = {isa = PBXFileReference; includeInIndex = 1; lastKnownFileType = text.xcconfig; name = Pods.debug.xcconfig; path = "Pods/Target Support Files/Pods/Pods.debug.xcconfig"; sourceTree = "<group>"; };
		532B9996F96FDEDF6FA6C6B1 /* Pods.release.xcconfig */ = {isa = PBXFileReference; includeInIndex = 1; lastKnownFileType = text.xcconfig; name = Pods.release.xcconfig; path = "Pods/Target Support Files/Pods/Pods.release.xcconfig"; sourceTree = "<group>"; };
		963D8D1C1B41876000800C51 /* CatQuiz.app */ = {isa = PBXFileReference; explicitFileType = wrapper.application; includeInIndex = 0; path = CatQuiz.app; sourceTree = BUILT_PRODUCTS_DIR; };
		963D8D201B41876000800C51 /* Info.plist */ = {isa = PBXFileReference; lastKnownFileType = text.plist.xml; path = Info.plist; sourceTree = "<group>"; };
		963D8D211B41876000800C51 /* main.m */ = {isa = PBXFileReference; lastKnownFileType = sourcecode.c.objc; path = main.m; sourceTree = "<group>"; };
		963D8D231B41876000800C51 /* AppDelegate.h */ = {isa = PBXFileReference; lastKnownFileType = sourcecode.c.h; path = AppDelegate.h; sourceTree = "<group>"; };
		963D8D241B41876000800C51 /* AppDelegate.m */ = {isa = PBXFileReference; lastKnownFileType = sourcecode.c.objc; path = AppDelegate.m; sourceTree = "<group>"; };
		963D8D261B41876000800C51 /* MasterViewController.h */ = {isa = PBXFileReference; lastKnownFileType = sourcecode.c.h; path = MasterViewController.h; sourceTree = "<group>"; };
		963D8D271B41876000800C51 /* MasterViewController.m */ = {isa = PBXFileReference; lastKnownFileType = sourcecode.c.objc; path = MasterViewController.m; sourceTree = "<group>"; };
		963D8D291B41876000800C51 /* DetailViewController.h */ = {isa = PBXFileReference; lastKnownFileType = sourcecode.c.h; path = DetailViewController.h; sourceTree = "<group>"; };
		963D8D2A1B41876000800C51 /* DetailViewController.m */ = {isa = PBXFileReference; lastKnownFileType = sourcecode.c.objc; path = DetailViewController.m; sourceTree = "<group>"; };
		963D8D2D1B41876000800C51 /* Base */ = {isa = PBXFileReference; lastKnownFileType = file.storyboard; name = Base; path = Base.lproj/Main.storyboard; sourceTree = "<group>"; };
		963D8D2F1B41876000800C51 /* Images.xcassets */ = {isa = PBXFileReference; lastKnownFileType = folder.assetcatalog; path = Images.xcassets; sourceTree = "<group>"; };
		963D8D321B41876000800C51 /* Base */ = {isa = PBXFileReference; lastKnownFileType = file.xib; name = Base; path = Base.lproj/LaunchScreen.xib; sourceTree = "<group>"; };
		963D8D381B41876000800C51 /* CatQuizTests.xctest */ = {isa = PBXFileReference; explicitFileType = wrapper.cfbundle; includeInIndex = 0; path = CatQuizTests.xctest; sourceTree = BUILT_PRODUCTS_DIR; };
		963D8D3D1B41876000800C51 /* Info.plist */ = {isa = PBXFileReference; lastKnownFileType = text.plist.xml; path = Info.plist; sourceTree = "<group>"; };
		963D8D3E1B41876000800C51 /* CatQuizTests.m */ = {isa = PBXFileReference; lastKnownFileType = sourcecode.c.objc; path = CatQuizTests.m; sourceTree = "<group>"; };
		963D8D481B418A8F00800C51 /* API.h */ = {isa = PBXFileReference; fileEncoding = 4; lastKnownFileType = sourcecode.c.h; path = API.h; sourceTree = "<group>"; };
		963D8D491B418A8F00800C51 /* API.m */ = {isa = PBXFileReference; fileEncoding = 4; lastKnownFileType = sourcecode.c.objc; path = API.m; sourceTree = "<group>"; };
		963F95741B487BDF0010533C /* SplashViewController.h */ = {isa = PBXFileReference; fileEncoding = 4; lastKnownFileType = sourcecode.c.h; path = SplashViewController.h; sourceTree = "<group>"; };
		963F95751B487BDF0010533C /* SplashViewController.m */ = {isa = PBXFileReference; fileEncoding = 4; lastKnownFileType = sourcecode.c.objc; path = SplashViewController.m; sourceTree = "<group>"; };
		963F95771B49B13C0010533C /* smartCat.jpg */ = {isa = PBXFileReference; lastKnownFileType = image.jpeg; path = smartCat.jpg; sourceTree = "<group>"; };
		964FF04A1B4500480091F2F2 /* PrizeViewController.h */ = {isa = PBXFileReference; fileEncoding = 4; lastKnownFileType = sourcecode.c.h; path = PrizeViewController.h; sourceTree = "<group>"; };
		964FF04B1B4500480091F2F2 /* PrizeViewController.m */ = {isa = PBXFileReference; fileEncoding = 4; lastKnownFileType = sourcecode.c.objc; path = PrizeViewController.m; sourceTree = "<group>"; };
		96E183841B45E2C000B135FB /* TriviaSheetProtocol.h */ = {isa = PBXFileReference; lastKnownFileType = sourcecode.c.h; path = TriviaSheetProtocol.h; sourceTree = "<group>"; };
/* End PBXFileReference section */

/* Begin PBXFrameworksBuildPhase section */
		963D8D191B41876000800C51 /* Frameworks */ = {
			isa = PBXFrameworksBuildPhase;
			buildActionMask = 2147483647;
			files = (
				0CD872A6D44EBB3329312C4D /* libPods.a in Frameworks */,
			);
			runOnlyForDeploymentPostprocessing = 0;
		};
		963D8D351B41876000800C51 /* Frameworks */ = {
			isa = PBXFrameworksBuildPhase;
			buildActionMask = 2147483647;
			files = (
			);
			runOnlyForDeploymentPostprocessing = 0;
		};
/* End PBXFrameworksBuildPhase section */

/* Begin PBXGroup section */
		204D692FE68650AF3E47C2B6 /* Frameworks */ = {
			isa = PBXGroup;
			children = (
				124399375E6B1302A8B85F37 /* libPods.a */,
			);
			name = Frameworks;
			sourceTree = "<group>";
		};
		24B79A0A088D5E15D8680D66 /* Pods */ = {
			isa = PBXGroup;
			children = (
				27C5BA7B15D7530A6E57A2E0 /* Pods.debug.xcconfig */,
				532B9996F96FDEDF6FA6C6B1 /* Pods.release.xcconfig */,
			);
			name = Pods;
			sourceTree = "<group>";
		};
		963D8D131B41876000800C51 = {
			isa = PBXGroup;
			children = (
				963D8D1E1B41876000800C51 /* CatQuiz */,
				963D8D3B1B41876000800C51 /* CatQuizTests */,
				963D8D1D1B41876000800C51 /* Products */,
				24B79A0A088D5E15D8680D66 /* Pods */,
				204D692FE68650AF3E47C2B6 /* Frameworks */,
			);
			sourceTree = "<group>";
		};
		963D8D1D1B41876000800C51 /* Products */ = {
			isa = PBXGroup;
			children = (
				963D8D1C1B41876000800C51 /* CatQuiz.app */,
				963D8D381B41876000800C51 /* CatQuizTests.xctest */,
			);
			name = Products;
			sourceTree = "<group>";
		};
		963D8D1E1B41876000800C51 /* CatQuiz */ = {
			isa = PBXGroup;
			children = (
				963D8D231B41876000800C51 /* AppDelegate.h */,
				963D8D241B41876000800C51 /* AppDelegate.m */,
				963D8D261B41876000800C51 /* MasterViewController.h */,
				963D8D271B41876000800C51 /* MasterViewController.m */,
				963D8D481B418A8F00800C51 /* API.h */,
				963D8D491B418A8F00800C51 /* API.m */,
				963D8D291B41876000800C51 /* DetailViewController.h */,
				963D8D2A1B41876000800C51 /* DetailViewController.m */,
				963D8D2C1B41876000800C51 /* Main.storyboard */,
				963D8D2F1B41876000800C51 /* Images.xcassets */,
				963D8D311B41876000800C51 /* LaunchScreen.xib */,
				963D8D1F1B41876000800C51 /* Supporting Files */,
				964FF04A1B4500480091F2F2 /* PrizeViewController.h */,
				964FF04B1B4500480091F2F2 /* PrizeViewController.m */,
				96E183841B45E2C000B135FB /* TriviaSheetProtocol.h */,
				963F95741B487BDF0010533C /* SplashViewController.h */,
				963F95751B487BDF0010533C /* SplashViewController.m */,
			);
			path = CatQuiz;
			sourceTree = "<group>";
		};
		963D8D1F1B41876000800C51 /* Supporting Files */ = {
			isa = PBXGroup;
			children = (
				963F95771B49B13C0010533C /* smartCat.jpg */,
				963D8D201B41876000800C51 /* Info.plist */,
				963D8D211B41876000800C51 /* main.m */,
			);
			name = "Supporting Files";
			sourceTree = "<group>";
		};
		963D8D3B1B41876000800C51 /* CatQuizTests */ = {
			isa = PBXGroup;
			children = (
				963D8D3E1B41876000800C51 /* CatQuizTests.m */,
				963D8D3C1B41876000800C51 /* Supporting Files */,
			);
			path = CatQuizTests;
			sourceTree = "<group>";
		};
		963D8D3C1B41876000800C51 /* Supporting Files */ = {
			isa = PBXGroup;
			children = (
				963D8D3D1B41876000800C51 /* Info.plist */,
			);
			name = "Supporting Files";
			sourceTree = "<group>";
		};
/* End PBXGroup section */

/* Begin PBXNativeTarget section */
		963D8D1B1B41876000800C51 /* CatQuiz */ = {
			isa = PBXNativeTarget;
			buildConfigurationList = 963D8D421B41876000800C51 /* Build configuration list for PBXNativeTarget "CatQuiz" */;
			buildPhases = (
				69DF87B652D42EFBBE5E39D4 /* Check Pods Manifest.lock */,
				963D8D181B41876000800C51 /* Sources */,
				963D8D191B41876000800C51 /* Frameworks */,
				963D8D1A1B41876000800C51 /* Resources */,
				32EC0648964688E732D4EB98 /* Copy Pods Resources */,
			);
			buildRules = (
			);
			dependencies = (
			);
			name = CatQuiz;
			productName = CatQuiz;
			productReference = 963D8D1C1B41876000800C51 /* CatQuiz.app */;
			productType = "com.apple.product-type.application";
		};
		963D8D371B41876000800C51 /* CatQuizTests */ = {
			isa = PBXNativeTarget;
			buildConfigurationList = 963D8D451B41876000800C51 /* Build configuration list for PBXNativeTarget "CatQuizTests" */;
			buildPhases = (
				963D8D341B41876000800C51 /* Sources */,
				963D8D351B41876000800C51 /* Frameworks */,
				963D8D361B41876000800C51 /* Resources */,
			);
			buildRules = (
			);
			dependencies = (
				963D8D3A1B41876000800C51 /* PBXTargetDependency */,
			);
			name = CatQuizTests;
			productName = CatQuizTests;
			productReference = 963D8D381B41876000800C51 /* CatQuizTests.xctest */;
			productType = "com.apple.product-type.bundle.unit-test";
		};
/* End PBXNativeTarget section */

/* Begin PBXProject section */
		963D8D141B41876000800C51 /* Project object */ = {
			isa = PBXProject;
			attributes = {
				LastUpgradeCheck = 0630;
				ORGANIZATIONNAME = "Sean Phillips";
				TargetAttributes = {
					963D8D1B1B41876000800C51 = {
						CreatedOnToolsVersion = 6.3.2;
						DevelopmentTeam = J2VAKEVY6P;
					};
					963D8D371B41876000800C51 = {
						CreatedOnToolsVersion = 6.3.2;
						TestTargetID = 963D8D1B1B41876000800C51;
					};
				};
			};
			buildConfigurationList = 963D8D171B41876000800C51 /* Build configuration list for PBXProject "CatQuiz" */;
			compatibilityVersion = "Xcode 3.2";
			developmentRegion = English;
			hasScannedForEncodings = 0;
			knownRegions = (
				en,
				Base,
			);
			mainGroup = 963D8D131B41876000800C51;
			productRefGroup = 963D8D1D1B41876000800C51 /* Products */;
			projectDirPath = "";
			projectRoot = "";
			targets = (
				963D8D1B1B41876000800C51 /* CatQuiz */,
				963D8D371B41876000800C51 /* CatQuizTests */,
			);
		};
/* End PBXProject section */

/* Begin PBXResourcesBuildPhase section */
		963D8D1A1B41876000800C51 /* Resources */ = {
			isa = PBXResourcesBuildPhase;
			buildActionMask = 2147483647;
			files = (
				963D8D2E1B41876000800C51 /* Main.storyboard in Resources */,
				963D8D331B41876000800C51 /* LaunchScreen.xib in Resources */,
				963F95781B49B13C0010533C /* smartCat.jpg in Resources */,
				963D8D301B41876000800C51 /* Images.xcassets in Resources */,
			);
			runOnlyForDeploymentPostprocessing = 0;
		};
		963D8D361B41876000800C51 /* Resources */ = {
			isa = PBXResourcesBuildPhase;
			buildActionMask = 2147483647;
			files = (
			);
			runOnlyForDeploymentPostprocessing = 0;
		};
/* End PBXResourcesBuildPhase section */

/* Begin PBXShellScriptBuildPhase section */
		32EC0648964688E732D4EB98 /* Copy Pods Resources */ = {
			isa = PBXShellScriptBuildPhase;
			buildActionMask = 2147483647;
			files = (
			);
			inputPaths = (
			);
			name = "Copy Pods Resources";
			outputPaths = (
			);
			runOnlyForDeploymentPostprocessing = 0;
			shellPath = /bin/sh;
			shellScript = "\"${SRCROOT}/Pods/Target Support Files/Pods/Pods-resources.sh\"\n";
			showEnvVarsInLog = 0;
		};
		69DF87B652D42EFBBE5E39D4 /* Check Pods Manifest.lock */ = {
			isa = PBXShellScriptBuildPhase;
			buildActionMask = 2147483647;
			files = (
			);
			inputPaths = (
			);
			name = "Check Pods Manifest.lock";
			outputPaths = (
			);
			runOnlyForDeploymentPostprocessing = 0;
			shellPath = /bin/sh;
			shellScript = "diff \"${PODS_ROOT}/../Podfile.lock\" \"${PODS_ROOT}/Manifest.lock\" > /dev/null\nif [[ $? != 0 ]] ; then\n    cat << EOM\nerror: The sandbox is not in sync with the Podfile.lock. Run 'pod install' or update your CocoaPods installation.\nEOM\n    exit 1\nfi\n";
			showEnvVarsInLog = 0;
		};
/* End PBXShellScriptBuildPhase section */

/* Begin PBXSourcesBuildPhase section */
		963D8D181B41876000800C51 /* Sources */ = {
			isa = PBXSourcesBuildPhase;
			buildActionMask = 2147483647;
			files = (
				963D8D251B41876000800C51 /* AppDelegate.m in Sources */,
				963F95761B487BDF0010533C /* SplashViewController.m in Sources */,
				963D8D281B41876000800C51 /* MasterViewController.m in Sources */,
				963D8D221B41876000800C51 /* main.m in Sources */,
				963D8D2B1B41876000800C51 /* DetailViewController.m in Sources */,
				964FF04C1B4500480091F2F2 /* PrizeViewController.m in Sources */,
				963D8D4A1B418A8F00800C51 /* API.m in Sources */,
			);
			runOnlyForDeploymentPostprocessing = 0;
		};
		963D8D341B41876000800C51 /* Sources */ = {
			isa = PBXSourcesBuildPhase;
			buildActionMask = 2147483647;
			files = (
				963D8D3F1B41876000800C51 /* CatQuizTests.m in Sources */,
			);
			runOnlyForDeploymentPostprocessing = 0;
		};
/* End PBXSourcesBuildPhase section */

/* Begin PBXTargetDependency section */
		963D8D3A1B41876000800C51 /* PBXTargetDependency */ = {
			isa = PBXTargetDependency;
			target = 963D8D1B1B41876000800C51 /* CatQuiz */;
			targetProxy = 963D8D391B41876000800C51 /* PBXContainerItemProxy */;
		};
/* End PBXTargetDependency section */

/* Begin PBXVariantGroup section */
		963D8D2C1B41876000800C51 /* Main.storyboard */ = {
			isa = PBXVariantGroup;
			children = (
				963D8D2D1B41876000800C51 /* Base */,
			);
			name = Main.storyboard;
			sourceTree = "<group>";
		};
		963D8D311B41876000800C51 /* LaunchScreen.xib */ = {
			isa = PBXVariantGroup;
			children = (
				963D8D321B41876000800C51 /* Base */,
			);
			name = LaunchScreen.xib;
			sourceTree = "<group>";
		};
/* End PBXVariantGroup section */

/* Begin XCBuildConfiguration section */
		963D8D401B41876000800C51 /* Debug */ = {
			isa = XCBuildConfiguration;
			buildSettings = {
				ALWAYS_SEARCH_USER_PATHS = NO;
				CLANG_CXX_LANGUAGE_STANDARD = "gnu++0x";
				CLANG_CXX_LIBRARY = "libc++";
				CLANG_ENABLE_MODULES = YES;
				CLANG_ENABLE_OBJC_ARC = YES;
				CLANG_WARN_BOOL_CONVERSION = YES;
				CLANG_WARN_CONSTANT_CONVERSION = YES;
				CLANG_WARN_DIRECT_OBJC_ISA_USAGE = YES_ERROR;
				CLANG_WARN_EMPTY_BODY = YES;
				CLANG_WARN_ENUM_CONVERSION = YES;
				CLANG_WARN_INT_CONVERSION = YES;
				CLANG_WARN_OBJC_ROOT_CLASS = YES_ERROR;
				CLANG_WARN_UNREACHABLE_CODE = YES;
				CLANG_WARN__DUPLICATE_METHOD_MATCH = YES;
				"CODE_SIGN_IDENTITY[sdk=iphoneos*]" = "iPhone Developer";
				COPY_PHASE_STRIP = NO;
				DEBUG_INFORMATION_FORMAT = "dwarf-with-dsym";
				ENABLE_STRICT_OBJC_MSGSEND = YES;
				GCC_C_LANGUAGE_STANDARD = gnu99;
				GCC_DYNAMIC_NO_PIC = NO;
				GCC_NO_COMMON_BLOCKS = YES;
				GCC_OPTIMIZATION_LEVEL = 0;
				GCC_PREPROCESSOR_DEFINITIONS = (
					"DEBUG=1",
					"$(inherited)",
				);
				GCC_SYMBOLS_PRIVATE_EXTERN = NO;
				GCC_WARN_64_TO_32_BIT_CONVERSION = YES;
				GCC_WARN_ABOUT_RETURN_TYPE = YES_ERROR;
				GCC_WARN_UNDECLARED_SELECTOR = YES;
				GCC_WARN_UNINITIALIZED_AUTOS = YES_AGGRESSIVE;
				GCC_WARN_UNUSED_FUNCTION = YES;
				GCC_WARN_UNUSED_VARIABLE = YES;
				IPHONEOS_DEPLOYMENT_TARGET = 8.3;
				MTL_ENABLE_DEBUG_INFO = YES;
				ONLY_ACTIVE_ARCH = YES;
				SDKROOT = iphoneos;
				TARGETED_DEVICE_FAMILY = "1,2";
			};
			name = Debug;
		};
		963D8D411B41876000800C51 /* Release */ = {
			isa = XCBuildConfiguration;
			buildSettings = {
				ALWAYS_SEARCH_USER_PATHS = NO;
				CLANG_CXX_LANGUAGE_STANDARD = "gnu++0x";
				CLANG_CXX_LIBRARY = "libc++";
				CLANG_ENABLE_MODULES = YES;
				CLANG_ENABLE_OBJC_ARC = YES;
				CLANG_WARN_BOOL_CONVERSION = YES;
				CLANG_WARN_CONSTANT_CONVERSION = YES;
				CLANG_WARN_DIRECT_OBJC_ISA_USAGE = YES_ERROR;
				CLANG_WARN_EMPTY_BODY = YES;
				CLANG_WARN_ENUM_CONVERSION = YES;
				CLANG_WARN_INT_CONVERSION = YES;
				CLANG_WARN_OBJC_ROOT_CLASS = YES_ERROR;
				CLANG_WARN_UNREACHABLE_CODE = YES;
				CLANG_WARN__DUPLICATE_METHOD_MATCH = YES;
				"CODE_SIGN_IDENTITY[sdk=iphoneos*]" = "iPhone Developer";
				COPY_PHASE_STRIP = NO;
				DEBUG_INFORMATION_FORMAT = "dwarf-with-dsym";
				ENABLE_NS_ASSERTIONS = NO;
				ENABLE_STRICT_OBJC_MSGSEND = YES;
				GCC_C_LANGUAGE_STANDARD = gnu99;
				GCC_NO_COMMON_BLOCKS = YES;
				GCC_WARN_64_TO_32_BIT_CONVERSION = YES;
				GCC_WARN_ABOUT_RETURN_TYPE = YES_ERROR;
				GCC_WARN_UNDECLARED_SELECTOR = YES;
				GCC_WARN_UNINITIALIZED_AUTOS = YES_AGGRESSIVE;
				GCC_WARN_UNUSED_FUNCTION = YES;
				GCC_WARN_UNUSED_VARIABLE = YES;
				IPHONEOS_DEPLOYMENT_TARGET = 8.3;
				MTL_ENABLE_DEBUG_INFO = NO;
				SDKROOT = iphoneos;
				TARGETED_DEVICE_FAMILY = "1,2";
				VALIDATE_PRODUCT = YES;
			};
			name = Release;
		};
		963D8D431B41876000800C51 /* Debug */ = {
			isa = XCBuildConfiguration;
			baseConfigurationReference = 27C5BA7B15D7530A6E57A2E0 /* Pods.debug.xcconfig */;
			buildSettings = {
				ASSETCATALOG_COMPILER_APPICON_NAME = AppIcon;
				CODE_SIGN_IDENTITY = "iPhone Developer";
				"CODE_SIGN_IDENTITY[sdk=iphoneos*]" = "iPhone Developer";
				INFOPLIST_FILE = CatQuiz/Info.plist;
				LD_RUNPATH_SEARCH_PATHS = "$(inherited) @executable_path/Frameworks";
				PRODUCT_NAME = "$(TARGET_NAME)";
				PROVISIONING_PROFILE = "";
			};
			name = Debug;
		};
		963D8D441B41876000800C51 /* Release */ = {
			isa = XCBuildConfiguration;
			baseConfigurationReference = 532B9996F96FDEDF6FA6C6B1 /* Pods.release.xcconfig */;
			buildSettings = {
				ASSETCATALOG_COMPILER_APPICON_NAME = AppIcon;
				CODE_SIGN_IDENTITY = "iPhone Developer";
				"CODE_SIGN_IDENTITY[sdk=iphoneos*]" = "iPhone Developer";
				INFOPLIST_FILE = CatQuiz/Info.plist;
				LD_RUNPATH_SEARCH_PATHS = "$(inherited) @executable_path/Frameworks";
				PRODUCT_NAME = "$(TARGET_NAME)";
				PROVISIONING_PROFILE = "";
			};
			name = Release;
		};
		963D8D461B41876000800C51 /* Debug */ = {
			isa = XCBuildConfiguration;
			buildSettings = {
				BUNDLE_LOADER = "$(TEST_HOST)";
				FRAMEWORK_SEARCH_PATHS = (
					"$(SDKROOT)/Developer/Library/Frameworks",
					"$(inherited)",
				);
				GCC_PREPROCESSOR_DEFINITIONS = (
					"DEBUG=1",
					"$(inherited)",
				);
				INFOPLIST_FILE = CatQuizTests/Info.plist;
				LD_RUNPATH_SEARCH_PATHS = "$(inherited) @executable_path/Frameworks @loader_path/Frameworks";
				PRODUCT_NAME = "$(TARGET_NAME)";
				TEST_HOST = "$(BUILT_PRODUCTS_DIR)/CatQuiz.app/CatQuiz";
			};
			name = Debug;
		};
		963D8D471B41876000800C51 /* Release */ = {
			isa = XCBuildConfiguration;
			buildSettings = {
				BUNDLE_LOADER = "$(TEST_HOST)";
				FRAMEWORK_SEARCH_PATHS = (
					"$(SDKROOT)/Developer/Library/Frameworks",
					"$(inherited)",
				);
				INFOPLIST_FILE = CatQuizTests/Info.plist;
				LD_RUNPATH_SEARCH_PATHS = "$(inherited) @executable_path/Frameworks @loader_path/Frameworks";
				PRODUCT_NAME = "$(TARGET_NAME)";
				TEST_HOST = "$(BUILT_PRODUCTS_DIR)/CatQuiz.app/CatQuiz";
			};
			name = Release;
		};
/* End XCBuildConfiguration section */

/* Begin XCConfigurationList section */
		963D8D171B41876000800C51 /* Build configuration list for PBXProject "CatQuiz" */ = {
			isa = XCConfigurationList;
			buildConfigurations = (
				963D8D401B41876000800C51 /* Debug */,
				963D8D411B41876000800C51 /* Release */,
			);
			defaultConfigurationIsVisible = 0;
			defaultConfigurationName = Release;
		};
		963D8D421B41876000800C51 /* Build configuration list for PBXNativeTarget "CatQuiz" */ = {
			isa = XCConfigurationList;
			buildConfigurations = (
				963D8D431B41876000800C51 /* Debug */,
				963D8D441B41876000800C51 /* Release */,
			);
			defaultConfigurationIsVisible = 0;
			defaultConfigurationName = Release;
		};
		963D8D451B41876000800C51 /* Build configuration list for PBXNativeTarget "CatQuizTests" */ = {
			isa = XCConfigurationList;
			buildConfigurations = (
				963D8D461B41876000800C51 /* Debug */,
				963D8D471B41876000800C51 /* Release */,
			);
			defaultConfigurationIsVisible = 0;
			defaultConfigurationName = Release;
		};
/* End XCConfigurationList section */
	};
	rootObject = 963D8D141B41876000800C51 /* Project object */;
}
